// !$*UTF8*$!
{
	archiveVersion = 1;
	classes = {
	};
	objectVersion = 46;
	objects = {

/* Begin PBXBuildFile section */
		110778721D031DD100636089 /* main.m in Sources */ = {isa = PBXBuildFile; fileRef = 110778711D031DD100636089 /* main.m */; };
		110778751D031DD100636089 /* AppDelegate.m in Sources */ = {isa = PBXBuildFile; fileRef = 110778741D031DD100636089 /* AppDelegate.m */; };
		1107787D1D031DD100636089 /* Assets.xcassets in Resources */ = {isa = PBXBuildFile; fileRef = 1107787C1D031DD100636089 /* Assets.xcassets */; };
		110778801D031DD100636089 /* LaunchScreen.storyboard in Resources */ = {isa = PBXBuildFile; fileRef = 1107787E1D031DD100636089 /* LaunchScreen.storyboard */; };
		1107788A1D0334AA00636089 /* MainViewController.m in Sources */ = {isa = PBXBuildFile; fileRef = 110778881D0334AA00636089 /* MainViewController.m */; };
		1107788B1D0334AA00636089 /* MainViewController.xib in Resources */ = {isa = PBXBuildFile; fileRef = 110778891D0334AA00636089 /* MainViewController.xib */; };
		1107788F1D0335F700636089 /* ObjCViewController.m in Sources */ = {isa = PBXBuildFile; fileRef = 1107788D1D0335F700636089 /* ObjCViewController.m */; };
		110778901D0335F700636089 /* ObjCViewController.xib in Resources */ = {isa = PBXBuildFile; fileRef = 1107788E1D0335F700636089 /* ObjCViewController.xib */; };
		1132ED8E1D3A90A6006C6F8A /* SwiftViewController.swift in Sources */ = {isa = PBXBuildFile; fileRef = 1132ED8C1D3A90A6006C6F8A /* SwiftViewController.swift */; };
		1132ED8F1D3A90A6006C6F8A /* SwiftViewController.xib in Resources */ = {isa = PBXBuildFile; fileRef = 1132ED8D1D3A90A6006C6F8A /* SwiftViewController.xib */; };
/* End PBXBuildFile section */

/* Begin PBXFileReference section */
		1107786D1D031DD100636089 /* ObjCToSwiftMigration.app */ = {isa = PBXFileReference; explicitFileType = wrapper.application; includeInIndex = 0; path = ObjCToSwiftMigration.app; sourceTree = BUILT_PRODUCTS_DIR; };
		110778711D031DD100636089 /* main.m */ = {isa = PBXFileReference; lastKnownFileType = sourcecode.c.objc; path = main.m; sourceTree = "<group>"; };
		110778731D031DD100636089 /* AppDelegate.h */ = {isa = PBXFileReference; lastKnownFileType = sourcecode.c.h; path = AppDelegate.h; sourceTree = "<group>"; };
		110778741D031DD100636089 /* AppDelegate.m */ = {isa = PBXFileReference; lastKnownFileType = sourcecode.c.objc; path = AppDelegate.m; sourceTree = "<group>"; };
		1107787C1D031DD100636089 /* Assets.xcassets */ = {isa = PBXFileReference; lastKnownFileType = folder.assetcatalog; path = Assets.xcassets; sourceTree = "<group>"; };
		1107787F1D031DD100636089 /* Base */ = {isa = PBXFileReference; lastKnownFileType = file.storyboard; name = Base; path = Base.lproj/LaunchScreen.storyboard; sourceTree = "<group>"; };
		110778811D031DD100636089 /* Info.plist */ = {isa = PBXFileReference; lastKnownFileType = text.plist.xml; path = Info.plist; sourceTree = "<group>"; };
		110778871D0334AA00636089 /* MainViewController.h */ = {isa = PBXFileReference; fileEncoding = 4; lastKnownFileType = sourcecode.c.h; path = MainViewController.h; sourceTree = "<group>"; };
		110778881D0334AA00636089 /* MainViewController.m */ = {isa = PBXFileReference; fileEncoding = 4; lastKnownFileType = sourcecode.c.objc; path = MainViewController.m; sourceTree = "<group>"; };
		110778891D0334AA00636089 /* MainViewController.xib */ = {isa = PBXFileReference; fileEncoding = 4; lastKnownFileType = file.xib; path = MainViewController.xib; sourceTree = "<group>"; };
		1107788C1D0335F700636089 /* ObjCViewController.h */ = {isa = PBXFileReference; fileEncoding = 4; lastKnownFileType = sourcecode.c.h; path = ObjCViewController.h; sourceTree = "<group>"; };
		1107788D1D0335F700636089 /* ObjCViewController.m */ = {isa = PBXFileReference; fileEncoding = 4; lastKnownFileType = sourcecode.c.objc; path = ObjCViewController.m; sourceTree = "<group>"; };
		1107788E1D0335F700636089 /* ObjCViewController.xib */ = {isa = PBXFileReference; fileEncoding = 4; lastKnownFileType = file.xib; path = ObjCViewController.xib; sourceTree = "<group>"; };
		1132ED8B1D3A90A5006C6F8A /* ObjCToSwiftMigration-Bridging-Header.h */ = {isa = PBXFileReference; lastKnownFileType = sourcecode.c.h; path = "ObjCToSwiftMigration-Bridging-Header.h"; sourceTree = "<group>"; };
		1132ED8C1D3A90A6006C6F8A /* SwiftViewController.swift */ = {isa = PBXFileReference; fileEncoding = 4; lastKnownFileType = sourcecode.swift; path = SwiftViewController.swift; sourceTree = "<group>"; };
		1132ED8D1D3A90A6006C6F8A /* SwiftViewController.xib */ = {isa = PBXFileReference; fileEncoding = 4; lastKnownFileType = file.xib; path = SwiftViewController.xib; sourceTree = "<group>"; };
		1135D0451D465CF9003EFEDF /* PhraseUpdatedDelegate.h */ = {isa = PBXFileReference; fileEncoding = 4; lastKnownFileType = sourcecode.c.h; path = PhraseUpdatedDelegate.h; sourceTree = "<group>"; };
/* End PBXFileReference section */

/* Begin PBXFrameworksBuildPhase section */
		1107786A1D031DD100636089 /* Frameworks */ = {
			isa = PBXFrameworksBuildPhase;
			buildActionMask = 2147483647;
			files = (
			);
			runOnlyForDeploymentPostprocessing = 0;
		};
/* End PBXFrameworksBuildPhase section */

/* Begin PBXGroup section */
		110778641D031DD100636089 = {
			isa = PBXGroup;
			children = (
				1107786F1D031DD100636089 /* ObjCToSwiftMigration */,
				1107786E1D031DD100636089 /* Products */,
			);
			sourceTree = "<group>";
		};
		1107786E1D031DD100636089 /* Products */ = {
			isa = PBXGroup;
			children = (
				1107786D1D031DD100636089 /* ObjCToSwiftMigration.app */,
			);
			name = Products;
			sourceTree = "<group>";
		};
		1107786F1D031DD100636089 /* ObjCToSwiftMigration */ = {
			isa = PBXGroup;
			children = (
				110778731D031DD100636089 /* AppDelegate.h */,
				110778741D031DD100636089 /* AppDelegate.m */,
				110778871D0334AA00636089 /* MainViewController.h */,
				110778881D0334AA00636089 /* MainViewController.m */,
				110778891D0334AA00636089 /* MainViewController.xib */,
				1107788C1D0335F700636089 /* ObjCViewController.h */,
				1107788D1D0335F700636089 /* ObjCViewController.m */,
				1107788E1D0335F700636089 /* ObjCViewController.xib */,
				1135D0451D465CF9003EFEDF /* PhraseUpdatedDelegate.h */,
				1107787C1D031DD100636089 /* Assets.xcassets */,
				1107787E1D031DD100636089 /* LaunchScreen.storyboard */,
				110778811D031DD100636089 /* Info.plist */,
				110778701D031DD100636089 /* Supporting Files */,
				1132ED8C1D3A90A6006C6F8A /* SwiftViewController.swift */,
				1132ED8D1D3A90A6006C6F8A /* SwiftViewController.xib */,
				1132ED8B1D3A90A5006C6F8A /* ObjCToSwiftMigration-Bridging-Header.h */,
			);
			path = ObjCToSwiftMigration;
			sourceTree = "<group>";
		};
		110778701D031DD100636089 /* Supporting Files */ = {
			isa = PBXGroup;
			children = (
				110778711D031DD100636089 /* main.m */,
			);
			name = "Supporting Files";
			sourceTree = "<group>";
		};
/* End PBXGroup section */

/* Begin PBXNativeTarget section */
		1107786C1D031DD100636089 /* ObjCToSwiftMigration */ = {
			isa = PBXNativeTarget;
			buildConfigurationList = 110778841D031DD100636089 /* Build configuration list for PBXNativeTarget "ObjCToSwiftMigration" */;
			buildPhases = (
				110778691D031DD100636089 /* Sources */,
				1107786A1D031DD100636089 /* Frameworks */,
				1107786B1D031DD100636089 /* Resources */,
			);
			buildRules = (
			);
			dependencies = (
			);
			name = ObjCToSwiftMigration;
			productName = ObjCToSwiftMigration;
			productReference = 1107786D1D031DD100636089 /* ObjCToSwiftMigration.app */;
			productType = "com.apple.product-type.application";
		};
/* End PBXNativeTarget section */

/* Begin PBXProject section */
		110778651D031DD100636089 /* Project object */ = {
			isa = PBXProject;
			attributes = {
				LastUpgradeCheck = 0820;
				ORGANIZATIONNAME = LawrenceM;
				TargetAttributes = {
					1107786C1D031DD100636089 = {
						CreatedOnToolsVersion = 7.3.1;
						LastSwiftMigration = 0820;
					};
				};
			};
			buildConfigurationList = 110778681D031DD100636089 /* Build configuration list for PBXProject "ObjCToSwiftMigration" */;
			compatibilityVersion = "Xcode 3.2";
			developmentRegion = English;
			hasScannedForEncodings = 0;
			knownRegions = (
				en,
				Base,
			);
			mainGroup = 110778641D031DD100636089;
			productRefGroup = 1107786E1D031DD100636089 /* Products */;
			projectDirPath = "";
			projectRoot = "";
			targets = (
				1107786C1D031DD100636089 /* ObjCToSwiftMigration */,
			);
		};
/* End PBXProject section */

/* Begin PBXResourcesBuildPhase section */
		1107786B1D031DD100636089 /* Resources */ = {
			isa = PBXResourcesBuildPhase;
			buildActionMask = 2147483647;
			files = (
				110778901D0335F700636089 /* ObjCViewController.xib in Resources */,
				110778801D031DD100636089 /* LaunchScreen.storyboard in Resources */,
				1107788B1D0334AA00636089 /* MainViewController.xib in Resources */,
				1132ED8F1D3A90A6006C6F8A /* SwiftViewController.xib in Resources */,
				1107787D1D031DD100636089 /* Assets.xcassets in Resources */,
			);
			runOnlyForDeploymentPostprocessing = 0;
		};
/* End PBXResourcesBuildPhase section */

/* Begin PBXSourcesBuildPhase section */
		110778691D031DD100636089 /* Sources */ = {
			isa = PBXSourcesBuildPhase;
			buildActionMask = 2147483647;
			files = (
				1107788F1D0335F700636089 /* ObjCViewController.m in Sources */,
				110778751D031DD100636089 /* AppDelegate.m in Sources */,
				1107788A1D0334AA00636089 /* MainViewController.m in Sources */,
				1132ED8E1D3A90A6006C6F8A /* SwiftViewController.swift in Sources */,
				110778721D031DD100636089 /* main.m in Sources */,
			);
			runOnlyForDeploymentPostprocessing = 0;
		};
/* End PBXSourcesBuildPhase section */

/* Begin PBXVariantGroup section */
		1107787E1D031DD100636089 /* LaunchScreen.storyboard */ = {
			isa = PBXVariantGroup;
			children = (
				1107787F1D031DD100636089 /* Base */,
			);
			name = LaunchScreen.storyboard;
			sourceTree = "<group>";
		};
/* End PBXVariantGroup section */

/* Begin XCBuildConfiguration section */
		110778821D031DD100636089 /* Debug */ = {
			isa = XCBuildConfiguration;
			buildSettings = {
				ALWAYS_SEARCH_USER_PATHS = NO;
				CLANG_ANALYZER_NONNULL = YES;
				CLANG_CXX_LANGUAGE_STANDARD = "gnu++0x";
				CLANG_CXX_LIBRARY = "libc++";
				CLANG_ENABLE_MODULES = YES;
				CLANG_ENABLE_OBJC_ARC = YES;
				CLANG_WARN_BOOL_CONVERSION = YES;
				CLANG_WARN_CONSTANT_CONVERSION = YES;
				CLANG_WARN_DIRECT_OBJC_ISA_USAGE = YES_ERROR;
				CLANG_WARN_EMPTY_BODY = YES;
				CLANG_WARN_ENUM_CONVERSION = YES;
				CLANG_WARN_INFINITE_RECURSION = YES;
				CLANG_WARN_INT_CONVERSION = YES;
				CLANG_WARN_OBJC_ROOT_CLASS = YES_ERROR;
				CLANG_WARN_SUSPICIOUS_MOVE = YES;
				CLANG_WARN_UNREACHABLE_CODE = YES;
				CLANG_WARN__DUPLICATE_METHOD_MATCH = YES;
				"CODE_SIGN_IDENTITY[sdk=iphoneos*]" = "iPhone Developer";
				COPY_PHASE_STRIP = NO;
				DEBUG_INFORMATION_FORMAT = dwarf;
				ENABLE_STRICT_OBJC_MSGSEND = YES;
				ENABLE_TESTABILITY = YES;
				GCC_C_LANGUAGE_STANDARD = gnu99;
				GCC_DYNAMIC_NO_PIC = NO;
				GCC_NO_COMMON_BLOCKS = YES;
				GCC_OPTIMIZATION_LEVEL = 0;
				GCC_PREPROCESSOR_DEFINITIONS = (
					"DEBUG=1",
					"$(inherited)",
				);
				GCC_WARN_64_TO_32_BIT_CONVERSION = YES;
				GCC_WARN_ABOUT_RETURN_TYPE = YES_ERROR;
				GCC_WARN_UNDECLARED_SELECTOR = YES;
				GCC_WARN_UNINITIALIZED_AUTOS = YES_AGGRESSIVE;
				GCC_WARN_UNUSED_FUNCTION = YES;
				GCC_WARN_UNUSED_VARIABLE = YES;
				IPHONEOS_DEPLOYMENT_TARGET = 9.3;
				MTL_ENABLE_DEBUG_INFO = YES;
				ONLY_ACTIVE_ARCH = YES;
				SDKROOT = iphoneos;
				TARGETED_DEVICE_FAMILY = "1,2";
			};
			name = Debug;
		};
		110778831D031DD100636089 /* Release */ = {
			isa = XCBuildConfiguration;
			buildSettings = {
				ALWAYS_SEARCH_USER_PATHS = NO;
				CLANG_ANALYZER_NONNULL = YES;
				CLANG_CXX_LANGUAGE_STANDARD = "gnu++0x";
				CLANG_CXX_LIBRARY = "libc++";
				CLANG_ENABLE_MODULES = YES;
				CLANG_ENABLE_OBJC_ARC = YES;
				CLANG_WARN_BOOL_CONVERSION = YES;
				CLANG_WARN_CONSTANT_CONVERSION = YES;
				CLANG_WARN_DIRECT_OBJC_ISA_USAGE = YES_ERROR;
				CLANG_WARN_EMPTY_BODY = YES;
				CLANG_WARN_ENUM_CONVERSION = YES;
				CLANG_WARN_INFINITE_RECURSION = YES;
				CLANG_WARN_INT_CONVERSION = YES;
				CLANG_WARN_OBJC_ROOT_CLASS = YES_ERROR;
				CLANG_WARN_SUSPICIOUS_MOVE = YES;
				CLANG_WARN_UNREACHABLE_CODE = YES;
				CLANG_WARN__DUPLICATE_METHOD_MATCH = YES;
				"CODE_SIGN_IDENTITY[sdk=iphoneos*]" = "iPhone Developer";
				COPY_PHASE_STRIP = NO;
				DEBUG_INFORMATION_FORMAT = "dwarf-with-dsym";
				ENABLE_NS_ASSERTIONS = NO;
				ENABLE_STRICT_OBJC_MSGSEND = YES;
				GCC_C_LANGUAGE_STANDARD = gnu99;
				GCC_NO_COMMON_BLOCKS = YES;
				GCC_WARN_64_TO_32_BIT_CONVERSION = YES;
				GCC_WARN_ABOUT_RETURN_TYPE = YES_ERROR;
				GCC_WARN_UNDECLARED_SELECTOR = YES;
				GCC_WARN_UNINITIALIZED_AUTOS = YES_AGGRESSIVE;
				GCC_WARN_UNUSED_FUNCTION = YES;
				GCC_WARN_UNUSED_VARIABLE = YES;
				IPHONEOS_DEPLOYMENT_TARGET = 9.3;
				MTL_ENABLE_DEBUG_INFO = NO;
				SDKROOT = iphoneos;
				SWIFT_OPTIMIZATION_LEVEL = "-Owholemodule";
				TARGETED_DEVICE_FAMILY = "1,2";
				VALIDATE_PRODUCT = YES;
			};
			name = Release;
		};
		110778851D031DD100636089 /* Debug */ = {
			isa = XCBuildConfiguration;
			buildSettings = {
				ALWAYS_EMBED_SWIFT_STANDARD_LIBRARIES = YES;
				ASSETCATALOG_COMPILER_APPICON_NAME = AppIcon;
				CLANG_ENABLE_MODULES = YES;
				INFOPLIST_FILE = ObjCToSwiftMigration/Info.plist;
				LD_RUNPATH_SEARCH_PATHS = "$(inherited) @executable_path/Frameworks";
				PRODUCT_BUNDLE_IDENTIFIER = com.lawrencem.ObjCToSwiftMigration;
				PRODUCT_NAME = "$(TARGET_NAME)";
				SWIFT_OBJC_BRIDGING_HEADER = "ObjCToSwiftMigration/ObjCToSwiftMigration-Bridging-Header.h";
				SWIFT_OPTIMIZATION_LEVEL = "-Onone";
				SWIFT_VERSION = 3.0;
			};
			name = Debug;
		};
		110778861D031DD100636089 /* Release */ = {
			isa = XCBuildConfiguration;
			buildSettings = {
				ALWAYS_EMBED_SWIFT_STANDARD_LIBRARIES = YES;
				ASSETCATALOG_COMPILER_APPICON_NAME = AppIcon;
				CLANG_ENABLE_MODULES = YES;
				INFOPLIST_FILE = ObjCToSwiftMigration/Info.plist;
				LD_RUNPATH_SEARCH_PATHS = "$(inherited) @executable_path/Frameworks";
				PRODUCT_BUNDLE_IDENTIFIER = com.lawrencem.ObjCToSwiftMigration;
				PRODUCT_NAME = "$(TARGET_NAME)";
				SWIFT_OBJC_BRIDGING_HEADER = "ObjCToSwiftMigration/ObjCToSwiftMigration-Bridging-Header.h";
				SWIFT_VERSION = 3.0;
			};
			name = Release;
		};
/* End XCBuildConfiguration section */

/* Begin XCConfigurationList section */
		110778681D031DD100636089 /* Build configuration list for PBXProject "ObjCToSwiftMigration" */ = {
			isa = XCConfigurationList;
			buildConfigurations = (
				110778821D031DD100636089 /* Debug */,
				110778831D031DD100636089 /* Release */,
			);
			defaultConfigurationIsVisible = 0;
			defaultConfigurationName = Release;
		};
		110778841D031DD100636089 /* Build configuration list for PBXNativeTarget "ObjCToSwiftMigration" */ = {
			isa = XCConfigurationList;
			buildConfigurations = (
				110778851D031DD100636089 /* Debug */,
				110778861D031DD100636089 /* Release */,
			);
			defaultConfigurationIsVisible = 0;
			defaultConfigurationName = Release;
		};
/* End XCConfigurationList section */
	};
	rootObject = 110778651D031DD100636089 /* Project object */;
}
